// !$*UTF8*$!
{
	archiveVersion = 1;
	classes = {
	};
	objectVersion = 50;
	objects = {

/* Begin PBXBuildFile section */
		F456F2AF2232DD750001B516 /* AppDelegate.swift in Sources */ = {isa = PBXBuildFile; fileRef = F456F2AE2232DD750001B516 /* AppDelegate.swift */; };
		F456F2B42232DD750001B516 /* Main.storyboard in Resources */ = {isa = PBXBuildFile; fileRef = F456F2B22232DD750001B516 /* Main.storyboard */; };
		F456F2B62232DD7A0001B516 /* Assets.xcassets in Resources */ = {isa = PBXBuildFile; fileRef = F456F2B52232DD7A0001B516 /* Assets.xcassets */; };
		F456F2B92232DD7A0001B516 /* LaunchScreen.storyboard in Resources */ = {isa = PBXBuildFile; fileRef = F456F2B72232DD7A0001B516 /* LaunchScreen.storyboard */; };
		F456F2C22232DF700001B516 /* Savoye LET.ttc in Resources */ = {isa = PBXBuildFile; fileRef = F456F2C02232DF6F0001B516 /* Savoye LET.ttc */; };
		F456F2C62232F8710001B516 /* QuotesViewController.swift in Sources */ = {isa = PBXBuildFile; fileRef = F456F2C52232F8710001B516 /* QuotesViewController.swift */; };
		F456F2C82232F8A70001B516 /* SettingsViewController.swift in Sources */ = {isa = PBXBuildFile; fileRef = F456F2C72232F8A70001B516 /* SettingsViewController.swift */; };
		F456F2CC223304680001B516 /* Quotes.swift in Sources */ = {isa = PBXBuildFile; fileRef = F456F2CB223304680001B516 /* Quotes.swift */; };
		F456F2CF223304A50001B516 /* QuotesManager.swift in Sources */ = {isa = PBXBuildFile; fileRef = F456F2CE223304A50001B516 /* QuotesManager.swift */; };
		F456F2D1223304BF0001B516 /* Config.swift in Sources */ = {isa = PBXBuildFile; fileRef = F456F2D0223304BF0001B516 /* Config.swift */; };
		F456F2D222330B450001B516 /* quotes.json in Resources */ = {isa = PBXBuildFile; fileRef = F456F2C12232DF700001B516 /* quotes.json */; };
/* End PBXBuildFile section */

/* Begin PBXFileReference section */
		F456F2AB2232DD750001B516 /* Pensamentos.app */ = {isa = PBXFileReference; explicitFileType = wrapper.application; includeInIndex = 0; path = Pensamentos.app; sourceTree = BUILT_PRODUCTS_DIR; };
		F456F2AE2232DD750001B516 /* AppDelegate.swift */ = {isa = PBXFileReference; lastKnownFileType = sourcecode.swift; path = AppDelegate.swift; sourceTree = "<group>"; };
		F456F2B32232DD750001B516 /* Base */ = {isa = PBXFileReference; lastKnownFileType = file.storyboard; name = Base; path = Base.lproj/Main.storyboard; sourceTree = "<group>"; };
		F456F2B52232DD7A0001B516 /* Assets.xcassets */ = {isa = PBXFileReference; lastKnownFileType = folder.assetcatalog; path = Assets.xcassets; sourceTree = "<group>"; };
		F456F2B82232DD7A0001B516 /* Base */ = {isa = PBXFileReference; lastKnownFileType = file.storyboard; name = Base; path = Base.lproj/LaunchScreen.storyboard; sourceTree = "<group>"; };
		F456F2BA2232DD7A0001B516 /* Info.plist */ = {isa = PBXFileReference; lastKnownFileType = text.plist.xml; path = Info.plist; sourceTree = "<group>"; };
		F456F2C02232DF6F0001B516 /* Savoye LET.ttc */ = {isa = PBXFileReference; lastKnownFileType = file; path = "Savoye LET.ttc"; sourceTree = "<group>"; };
		F456F2C12232DF700001B516 /* quotes.json */ = {isa = PBXFileReference; fileEncoding = 4; lastKnownFileType = text.json; path = quotes.json; sourceTree = "<group>"; };
		F456F2C52232F8710001B516 /* QuotesViewController.swift */ = {isa = PBXFileReference; lastKnownFileType = sourcecode.swift; path = QuotesViewController.swift; sourceTree = "<group>"; };
		F456F2C72232F8A70001B516 /* SettingsViewController.swift */ = {isa = PBXFileReference; lastKnownFileType = sourcecode.swift; path = SettingsViewController.swift; sourceTree = "<group>"; };
		F456F2CB223304680001B516 /* Quotes.swift */ = {isa = PBXFileReference; lastKnownFileType = sourcecode.swift; path = Quotes.swift; sourceTree = "<group>"; };
		F456F2CE223304A50001B516 /* QuotesManager.swift */ = {isa = PBXFileReference; lastKnownFileType = sourcecode.swift; path = QuotesManager.swift; sourceTree = "<group>"; };
		F456F2D0223304BF0001B516 /* Config.swift */ = {isa = PBXFileReference; lastKnownFileType = sourcecode.swift; path = Config.swift; sourceTree = "<group>"; };
/* End PBXFileReference section */

/* Begin PBXFrameworksBuildPhase section */
		F456F2A82232DD750001B516 /* Frameworks */ = {
			isa = PBXFrameworksBuildPhase;
			buildActionMask = 2147483647;
			files = (
			);
			runOnlyForDeploymentPostprocessing = 0;
		};
/* End PBXFrameworksBuildPhase section */

/* Begin PBXGroup section */
		F456F2A22232DD750001B516 = {
			isa = PBXGroup;
			children = (
				F456F2AD2232DD750001B516 /* Pensamentos */,
				F456F2AC2232DD750001B516 /* Products */,
			);
			sourceTree = "<group>";
		};
		F456F2AC2232DD750001B516 /* Products */ = {
			isa = PBXGroup;
			children = (
				F456F2AB2232DD750001B516 /* Pensamentos.app */,
			);
			name = Products;
			sourceTree = "<group>";
		};
		F456F2AD2232DD750001B516 /* Pensamentos */ = {
			isa = PBXGroup;
			children = (
				F456F2C42232DF780001B516 /* Files */,
				F456F2AE2232DD750001B516 /* AppDelegate.swift */,
				F456F2C9223300DE0001B516 /* Controllers */,
				F456F2CA223300F80001B516 /* Views */,
				F456F2B52232DD7A0001B516 /* Assets.xcassets */,
				F456F2BA2232DD7A0001B516 /* Info.plist */,
				F456F2CD223304870001B516 /* Models */,
			);
			path = Pensamentos;
			sourceTree = "<group>";
		};
		F456F2C42232DF780001B516 /* Files */ = {
			isa = PBXGroup;
			children = (
				F456F2C12232DF700001B516 /* quotes.json */,
				F456F2C02232DF6F0001B516 /* Savoye LET.ttc */,
			);
			path = Files;
			sourceTree = "<group>";
		};
		F456F2C9223300DE0001B516 /* Controllers */ = {
			isa = PBXGroup;
			children = (
				F456F2C72232F8A70001B516 /* SettingsViewController.swift */,
				F456F2C52232F8710001B516 /* QuotesViewController.swift */,
			);
			path = Controllers;
			sourceTree = "<group>";
		};
		F456F2CA223300F80001B516 /* Views */ = {
			isa = PBXGroup;
			children = (
				F456F2B22232DD750001B516 /* Main.storyboard */,
				F456F2B72232DD7A0001B516 /* LaunchScreen.storyboard */,
			);
			path = Views;
			sourceTree = "<group>";
		};
		F456F2CD223304870001B516 /* Models */ = {
			isa = PBXGroup;
			children = (
				F456F2CB223304680001B516 /* Quotes.swift */,
				F456F2CE223304A50001B516 /* QuotesManager.swift */,
				F456F2D0223304BF0001B516 /* Config.swift */,
			);
			path = Models;
			sourceTree = "<group>";
		};
/* End PBXGroup section */

/* Begin PBXNativeTarget section */
		F456F2AA2232DD750001B516 /* Pensamentos */ = {
			isa = PBXNativeTarget;
			buildConfigurationList = F456F2BD2232DD7A0001B516 /* Build configuration list for PBXNativeTarget "Pensamentos" */;
			buildPhases = (
				F456F2A72232DD750001B516 /* Sources */,
				F456F2A82232DD750001B516 /* Frameworks */,
				F456F2A92232DD750001B516 /* Resources */,
			);
			buildRules = (
			);
			dependencies = (
			);
			name = Pensamentos;
			productName = Pensamentos;
			productReference = F456F2AB2232DD750001B516 /* Pensamentos.app */;
			productType = "com.apple.product-type.application";
		};
/* End PBXNativeTarget section */

/* Begin PBXProject section */
		F456F2A32232DD750001B516 /* Project object */ = {
			isa = PBXProject;
			attributes = {
				LastSwiftUpdateCheck = 1000;
				LastUpgradeCheck = 1000;
				ORGANIZATIONNAME = "Erick Kaique da Silva";
				TargetAttributes = {
					F456F2AA2232DD750001B516 = {
						CreatedOnToolsVersion = 10.0;
					};
				};
			};
			buildConfigurationList = F456F2A62232DD750001B516 /* Build configuration list for PBXProject "Pensamentos" */;
			compatibilityVersion = "Xcode 9.3";
			developmentRegion = en;
			hasScannedForEncodings = 0;
			knownRegions = (
				en,
				Base,
			);
			mainGroup = F456F2A22232DD750001B516;
			productRefGroup = F456F2AC2232DD750001B516 /* Products */;
			projectDirPath = "";
			projectRoot = "";
			targets = (
				F456F2AA2232DD750001B516 /* Pensamentos */,
			);
		};
/* End PBXProject section */

/* Begin PBXResourcesBuildPhase section */
		F456F2A92232DD750001B516 /* Resources */ = {
			isa = PBXResourcesBuildPhase;
			buildActionMask = 2147483647;
			files = (
				F456F2B92232DD7A0001B516 /* LaunchScreen.storyboard in Resources */,
				F456F2D222330B450001B516 /* quotes.json in Resources */,
				F456F2B62232DD7A0001B516 /* Assets.xcassets in Resources */,
				F456F2B42232DD750001B516 /* Main.storyboard in Resources */,
				F456F2C22232DF700001B516 /* Savoye LET.ttc in Resources */,
			);
			runOnlyForDeploymentPostprocessing = 0;
		};
/* End PBXResourcesBuildPhase section */

/* Begin PBXSourcesBuildPhase section */
		F456F2A72232DD750001B516 /* Sources */ = {
			isa = PBXSourcesBuildPhase;
			buildActionMask = 2147483647;
			files = (
				F456F2CF223304A50001B516 /* QuotesManager.swift in Sources */,
				F456F2CC223304680001B516 /* Quotes.swift in Sources */,
				F456F2C62232F8710001B516 /* QuotesViewController.swift in Sources */,
				F456F2AF2232DD750001B516 /* AppDelegate.swift in Sources */,
				F456F2C82232F8A70001B516 /* SettingsViewController.swift in Sources */,
				F456F2D1223304BF0001B516 /* Config.swift in Sources */,
			);
			runOnlyForDeploymentPostprocessing = 0;
		};
/* End PBXSourcesBuildPhase section */

/* Begin PBXVariantGroup section */
		F456F2B22232DD750001B516 /* Main.storyboard */ = {
			isa = PBXVariantGroup;
			children = (
				F456F2B32232DD750001B516 /* Base */,
			);
			name = Main.storyboard;
			sourceTree = "<group>";
		};
		F456F2B72232DD7A0001B516 /* LaunchScreen.storyboard */ = {
			isa = PBXVariantGroup;
			children = (
				F456F2B82232DD7A0001B516 /* Base */,
			);
			name = LaunchScreen.storyboard;
			sourceTree = "<group>";
		};
/* End PBXVariantGroup section */

/* Begin XCBuildConfiguration section */
		F456F2BB2232DD7A0001B516 /* Debug */ = {
			isa = XCBuildConfiguration;
			buildSettings = {
				ALWAYS_SEARCH_USER_PATHS = NO;
				CLANG_ANALYZER_NONNULL = YES;
				CLANG_ANALYZER_NUMBER_OBJECT_CONVERSION = YES_AGGRESSIVE;
				CLANG_CXX_LANGUAGE_STANDARD = "gnu++14";
				CLANG_CXX_LIBRARY = "libc++";
				CLANG_ENABLE_MODULES = YES;
				CLANG_ENABLE_OBJC_ARC = YES;
				CLANG_ENABLE_OBJC_WEAK = YES;
				CLANG_WARN_BLOCK_CAPTURE_AUTORELEASING = YES;
				CLANG_WARN_BOOL_CONVERSION = YES;
				CLANG_WARN_COMMA = YES;
				CLANG_WARN_CONSTANT_CONVERSION = YES;
				CLANG_WARN_DEPRECATED_OBJC_IMPLEMENTATIONS = YES;
				CLANG_WARN_DIRECT_OBJC_ISA_USAGE = YES_ERROR;
				CLANG_WARN_DOCUMENTATION_COMMENTS = YES;
				CLANG_WARN_EMPTY_BODY = YES;
				CLANG_WARN_ENUM_CONVERSION = YES;
				CLANG_WARN_INFINITE_RECURSION = YES;
				CLANG_WARN_INT_CONVERSION = YES;
				CLANG_WARN_NON_LITERAL_NULL_CONVERSION = YES;
				CLANG_WARN_OBJC_IMPLICIT_RETAIN_SELF = YES;
				CLANG_WARN_OBJC_LITERAL_CONVERSION = YES;
				CLANG_WARN_OBJC_ROOT_CLASS = YES_ERROR;
				CLANG_WARN_RANGE_LOOP_ANALYSIS = YES;
				CLANG_WARN_STRICT_PROTOTYPES = YES;
				CLANG_WARN_SUSPICIOUS_MOVE = YES;
				CLANG_WARN_UNGUARDED_AVAILABILITY = YES_AGGRESSIVE;
				CLANG_WARN_UNREACHABLE_CODE = YES;
				CLANG_WARN__DUPLICATE_METHOD_MATCH = YES;
				CODE_SIGN_IDENTITY = "iPhone Developer";
				COPY_PHASE_STRIP = NO;
				DEBUG_INFORMATION_FORMAT = dwarf;
				ENABLE_STRICT_OBJC_MSGSEND = YES;
				ENABLE_TESTABILITY = YES;
				GCC_C_LANGUAGE_STANDARD = gnu11;
				GCC_DYNAMIC_NO_PIC = NO;
				GCC_NO_COMMON_BLOCKS = YES;
				GCC_OPTIMIZATION_LEVEL = 0;
				GCC_PREPROCESSOR_DEFINITIONS = (
					"DEBUG=1",
					"$(inherited)",
				);
				GCC_WARN_64_TO_32_BIT_CONVERSION = YES;
				GCC_WARN_ABOUT_RETURN_TYPE = YES_ERROR;
				GCC_WARN_UNDECLARED_SELECTOR = YES;
				GCC_WARN_UNINITIALIZED_AUTOS = YES_AGGRESSIVE;
				GCC_WARN_UNUSED_FUNCTION = YES;
				GCC_WARN_UNUSED_VARIABLE = YES;
				IPHONEOS_DEPLOYMENT_TARGET = 12.0;
				MTL_ENABLE_DEBUG_INFO = INCLUDE_SOURCE;
				MTL_FAST_MATH = YES;
				ONLY_ACTIVE_ARCH = YES;
				SDKROOT = iphoneos;
				SWIFT_ACTIVE_COMPILATION_CONDITIONS = DEBUG;
				SWIFT_OPTIMIZATION_LEVEL = "-Onone";
			};
			name = Debug;
		};
		F456F2BC2232DD7A0001B516 /* Release */ = {
			isa = XCBuildConfiguration;
			buildSettings = {
				ALWAYS_SEARCH_USER_PATHS = NO;
				CLANG_ANALYZER_NONNULL = YES;
				CLANG_ANALYZER_NUMBER_OBJECT_CONVERSION = YES_AGGRESSIVE;
				CLANG_CXX_LANGUAGE_STANDARD = "gnu++14";
				CLANG_CXX_LIBRARY = "libc++";
				CLANG_ENABLE_MODULES = YES;
				CLANG_ENABLE_OBJC_ARC = YES;
				CLANG_ENABLE_OBJC_WEAK = YES;
				CLANG_WARN_BLOCK_CAPTURE_AUTORELEASING = YES;
				CLANG_WARN_BOOL_CONVERSION = YES;
				CLANG_WARN_COMMA = YES;
				CLANG_WARN_CONSTANT_CONVERSION = YES;
				CLANG_WARN_DEPRECATED_OBJC_IMPLEMENTATIONS = YES;
				CLANG_WARN_DIRECT_OBJC_ISA_USAGE = YES_ERROR;
				CLANG_WARN_DOCUMENTATION_COMMENTS = YES;
				CLANG_WARN_EMPTY_BODY = YES;
				CLANG_WARN_ENUM_CONVERSION = YES;
				CLANG_WARN_INFINITE_RECURSION = YES;
				CLANG_WARN_INT_CONVERSION = YES;
				CLANG_WARN_NON_LITERAL_NULL_CONVERSION = YES;
				CLANG_WARN_OBJC_IMPLICIT_RETAIN_SELF = YES;
				CLANG_WARN_OBJC_LITERAL_CONVERSION = YES;
				CLANG_WARN_OBJC_ROOT_CLASS = YES_ERROR;
				CLANG_WARN_RANGE_LOOP_ANALYSIS = YES;
				CLANG_WARN_STRICT_PROTOTYPES = YES;
				CLANG_WARN_SUSPICIOUS_MOVE = YES;
				CLANG_WARN_UNGUARDED_AVAILABILITY = YES_AGGRESSIVE;
				CLANG_WARN_UNREACHABLE_CODE = YES;
				CLANG_WARN__DUPLICATE_METHOD_MATCH = YES;
				CODE_SIGN_IDENTITY = "iPhone Developer";
				COPY_PHASE_STRIP = NO;
				DEBUG_INFORMATION_FORMAT = "dwarf-with-dsym";
				ENABLE_NS_ASSERTIONS = NO;
				ENABLE_STRICT_OBJC_MSGSEND = YES;
				GCC_C_LANGUAGE_STANDARD = gnu11;
				GCC_NO_COMMON_BLOCKS = YES;
				GCC_WARN_64_TO_32_BIT_CONVERSION = YES;
				GCC_WARN_ABOUT_RETURN_TYPE = YES_ERROR;
				GCC_WARN_UNDECLARED_SELECTOR = YES;
				GCC_WARN_UNINITIALIZED_AUTOS = YES_AGGRESSIVE;
				GCC_WARN_UNUSED_FUNCTION = YES;
				GCC_WARN_UNUSED_VARIABLE = YES;
				IPHONEOS_DEPLOYMENT_TARGET = 12.0;
				MTL_ENABLE_DEBUG_INFO = NO;
				MTL_FAST_MATH = YES;
				SDKROOT = iphoneos;
				SWIFT_COMPILATION_MODE = wholemodule;
				SWIFT_OPTIMIZATION_LEVEL = "-O";
				VALIDATE_PRODUCT = YES;
			};
			name = Release;
		};
		F456F2BE2232DD7A0001B516 /* Debug */ = {
			isa = XCBuildConfiguration;
			buildSettings = {
				CODE_SIGN_STYLE = Automatic;
				INFOPLIST_FILE = Pensamentos/Info.plist;
				IPHONEOS_DEPLOYMENT_TARGET = 11.0;
				LD_RUNPATH_SEARCH_PATHS = (
					"$(inherited)",
					"@executable_path/Frameworks",
				);
				PRODUCT_BUNDLE_IDENTIFIER = com.ericksilva.Pensamentos;
				PRODUCT_NAME = "$(TARGET_NAME)";
				SWIFT_VERSION = 4.2;
				TARGETED_DEVICE_FAMILY = 1;
			};
			name = Debug;
		};
		F456F2BF2232DD7A0001B516 /* Release */ = {
			isa = XCBuildConfiguration;
			buildSettings = {
				CODE_SIGN_STYLE = Automatic;
				INFOPLIST_FILE = Pensamentos/Info.plist;
				IPHONEOS_DEPLOYMENT_TARGET = 11.0;
				LD_RUNPATH_SEARCH_PATHS = (
					"$(inherited)",
					"@executable_path/Frameworks",
				);
				PRODUCT_BUNDLE_IDENTIFIER = com.ericksilva.Pensamentos;
				PRODUCT_NAME = "$(TARGET_NAME)";
				SWIFT_VERSION = 4.2;
				TARGETED_DEVICE_FAMILY = 1;
			};
			name = Release;
		};
/* End XCBuildConfiguration section */

/* Begin XCConfigurationList section */
		F456F2A62232DD750001B516 /* Build configuration list for PBXProject "Pensamentos" */ = {
			isa = XCConfigurationList;
			buildConfigurations = (
				F456F2BB2232DD7A0001B516 /* Debug */,
				F456F2BC2232DD7A0001B516 /* Release */,
			);
			defaultConfigurationIsVisible = 0;
			defaultConfigurationName = Release;
		};
		F456F2BD2232DD7A0001B516 /* Build configuration list for PBXNativeTarget "Pensamentos" */ = {
			isa = XCConfigurationList;
			buildConfigurations = (
				F456F2BE2232DD7A0001B516 /* Debug */,
				F456F2BF2232DD7A0001B516 /* Release */,
			);
			defaultConfigurationIsVisible = 0;
			defaultConfigurationName = Release;
		};
/* End XCConfigurationList section */
	};
	rootObject = F456F2A32232DD750001B516 /* Project object */;
}
